// !$*UTF8*$!
{
	archiveVersion = 1;
	classes = {
	};
	objectVersion = 55;
	objects = {

/* Begin PBXBuildFile section */
		944E05C328C57F27008360B1 /* TestModel.swift in Sources */ = {isa = PBXBuildFile; fileRef = 944E05C228C57F27008360B1 /* TestModel.swift */; };
		94BD5F1728BDE1910077F32F /* RestApiKit.docc in Sources */ = {isa = PBXBuildFile; fileRef = 94BD5F1628BDE1910077F32F /* RestApiKit.docc */; };
		94BD5F1D28BDE1910077F32F /* RestApiKit.framework in Frameworks */ = {isa = PBXBuildFile; fileRef = 94BD5F1228BDE1910077F32F /* RestApiKit.framework */; };
		94BD5F2328BDE1910077F32F /* RestApiKit.h in Headers */ = {isa = PBXBuildFile; fileRef = 94BD5F1528BDE1910077F32F /* RestApiKit.h */; settings = {ATTRIBUTES = (Public, ); }; };
		94BD5F2D28BDE3130077F32F /* APIClient.swift in Sources */ = {isa = PBXBuildFile; fileRef = 94BD5F2C28BDE3130077F32F /* APIClient.swift */; };
		94BD5F2F28BDE8650077F32F /* APIError.swift in Sources */ = {isa = PBXBuildFile; fileRef = 94BD5F2E28BDE8650077F32F /* APIError.swift */; };
		94BD5F3528BDE9220077F32F /* HTTPHeaders.swift in Sources */ = {isa = PBXBuildFile; fileRef = 94BD5F3428BDE9220077F32F /* HTTPHeaders.swift */; };
		94BD5F3E28BE04A00077F32F /* APIRequest.swift in Sources */ = {isa = PBXBuildFile; fileRef = 94BD5F3D28BE04A00077F32F /* APIRequest.swift */; };
		94BD5F4028BE13240077F32F /* APIClient.swift in Sources */ = {isa = PBXBuildFile; fileRef = 94BD5F2C28BDE3130077F32F /* APIClient.swift */; };
		94BD5F4328BE142A0077F32F /* RestApiKitTests.swift in Sources */ = {isa = PBXBuildFile; fileRef = 94BD5F2128BDE1910077F32F /* RestApiKitTests.swift */; };
/* End PBXBuildFile section */

/* Begin PBXContainerItemProxy section */
		94BD5F1E28BDE1910077F32F /* PBXContainerItemProxy */ = {
			isa = PBXContainerItemProxy;
			containerPortal = 94BD5F0928BDE1910077F32F /* Project object */;
			proxyType = 1;
			remoteGlobalIDString = 94BD5F1128BDE1910077F32F;
			remoteInfo = RestApiKit;
		};
/* End PBXContainerItemProxy section */

/* Begin PBXFileReference section */
		944E05C228C57F27008360B1 /* TestModel.swift */ = {isa = PBXFileReference; lastKnownFileType = sourcecode.swift; path = TestModel.swift; sourceTree = "<group>"; };
		94BD5F1228BDE1910077F32F /* RestApiKit.framework */ = {isa = PBXFileReference; explicitFileType = wrapper.framework; includeInIndex = 0; path = RestApiKit.framework; sourceTree = BUILT_PRODUCTS_DIR; };
		94BD5F1528BDE1910077F32F /* RestApiKit.h */ = {isa = PBXFileReference; lastKnownFileType = sourcecode.c.h; path = RestApiKit.h; sourceTree = "<group>"; };
		94BD5F1628BDE1910077F32F /* RestApiKit.docc */ = {isa = PBXFileReference; lastKnownFileType = folder.documentationcatalog; path = RestApiKit.docc; sourceTree = "<group>"; };
		94BD5F1C28BDE1910077F32F /* RestApiKitTests.xctest */ = {isa = PBXFileReference; explicitFileType = wrapper.cfbundle; includeInIndex = 0; path = RestApiKitTests.xctest; sourceTree = BUILT_PRODUCTS_DIR; };
		94BD5F2128BDE1910077F32F /* RestApiKitTests.swift */ = {isa = PBXFileReference; lastKnownFileType = sourcecode.swift; path = RestApiKitTests.swift; sourceTree = "<group>"; };
		94BD5F2C28BDE3130077F32F /* APIClient.swift */ = {isa = PBXFileReference; lastKnownFileType = sourcecode.swift; path = APIClient.swift; sourceTree = "<group>"; };
		94BD5F2E28BDE8650077F32F /* APIError.swift */ = {isa = PBXFileReference; lastKnownFileType = sourcecode.swift; path = APIError.swift; sourceTree = "<group>"; };
		94BD5F3428BDE9220077F32F /* HTTPHeaders.swift */ = {isa = PBXFileReference; lastKnownFileType = sourcecode.swift; path = HTTPHeaders.swift; sourceTree = "<group>"; };
		94BD5F3D28BE04A00077F32F /* APIRequest.swift */ = {isa = PBXFileReference; lastKnownFileType = sourcecode.swift; path = APIRequest.swift; sourceTree = "<group>"; };
/* End PBXFileReference section */

/* Begin PBXFrameworksBuildPhase section */
		94BD5F0F28BDE1910077F32F /* Frameworks */ = {
			isa = PBXFrameworksBuildPhase;
			buildActionMask = 2147483647;
			files = (
			);
			runOnlyForDeploymentPostprocessing = 0;
		};
		94BD5F1928BDE1910077F32F /* Frameworks */ = {
			isa = PBXFrameworksBuildPhase;
			buildActionMask = 2147483647;
			files = (
				94BD5F1D28BDE1910077F32F /* RestApiKit.framework in Frameworks */,
			);
			runOnlyForDeploymentPostprocessing = 0;
		};
/* End PBXFrameworksBuildPhase section */

/* Begin PBXGroup section */
		94BD5F0828BDE1910077F32F = {
			isa = PBXGroup;
			children = (
				94BD5F1428BDE1910077F32F /* RestApiKit */,
				94BD5F1628BDE1910077F32F /* RestApiKit.docc */,
				94BD5F2028BDE1910077F32F /* RestApiKitTests */,
				94BD5F1328BDE1910077F32F /* Products */,
			);
			sourceTree = "<group>";
		};
		94BD5F1328BDE1910077F32F /* Products */ = {
			isa = PBXGroup;
			children = (
				94BD5F1228BDE1910077F32F /* RestApiKit.framework */,
				94BD5F1C28BDE1910077F32F /* RestApiKitTests.xctest */,
			);
			name = Products;
			sourceTree = "<group>";
		};
		94BD5F1428BDE1910077F32F /* RestApiKit */ = {
			isa = PBXGroup;
			children = (
				94BD5F1528BDE1910077F32F /* RestApiKit.h */,
				94BD5F2C28BDE3130077F32F /* APIClient.swift */,
				94BD5F3328BDE9140077F32F /* Types */,
				94BD5F3028BDE89D0077F32F /* Protocols */,
				94BD5F3D28BE04A00077F32F /* APIRequest.swift */,
			);
			path = RestApiKit;
			sourceTree = "<group>";
		};
		94BD5F2028BDE1910077F32F /* RestApiKitTests */ = {
			isa = PBXGroup;
			children = (
				94BD5F2128BDE1910077F32F /* RestApiKitTests.swift */,
				944E05C228C57F27008360B1 /* TestModel.swift */,
			);
			path = RestApiKitTests;
			sourceTree = "<group>";
		};
		94BD5F3028BDE89D0077F32F /* Protocols */ = {
			isa = PBXGroup;
			children = (
			);
			path = Protocols;
			sourceTree = "<group>";
		};
		94BD5F3328BDE9140077F32F /* Types */ = {
			isa = PBXGroup;
			children = (
				94BD5F3428BDE9220077F32F /* HTTPHeaders.swift */,
				94BD5F2E28BDE8650077F32F /* APIError.swift */,
			);
			path = Types;
			sourceTree = "<group>";
		};
/* End PBXGroup section */

/* Begin PBXHeadersBuildPhase section */
		94BD5F0D28BDE1910077F32F /* Headers */ = {
			isa = PBXHeadersBuildPhase;
			buildActionMask = 2147483647;
			files = (
				94BD5F2328BDE1910077F32F /* RestApiKit.h in Headers */,
			);
			runOnlyForDeploymentPostprocessing = 0;
		};
/* End PBXHeadersBuildPhase section */

/* Begin PBXNativeTarget section */
		94BD5F1128BDE1910077F32F /* RestApiKit */ = {
			isa = PBXNativeTarget;
			buildConfigurationList = 94BD5F2628BDE1910077F32F /* Build configuration list for PBXNativeTarget "RestApiKit" */;
			buildPhases = (
				94BD5F0D28BDE1910077F32F /* Headers */,
				94BD5F0E28BDE1910077F32F /* Sources */,
				94BD5F0F28BDE1910077F32F /* Frameworks */,
				94BD5F1028BDE1910077F32F /* Resources */,
			);
			buildRules = (
			);
			dependencies = (
			);
			name = RestApiKit;
			productName = RestApiKit;
			productReference = 94BD5F1228BDE1910077F32F /* RestApiKit.framework */;
			productType = "com.apple.product-type.framework";
		};
		94BD5F1B28BDE1910077F32F /* RestApiKitTests */ = {
			isa = PBXNativeTarget;
			buildConfigurationList = 94BD5F2928BDE1910077F32F /* Build configuration list for PBXNativeTarget "RestApiKitTests" */;
			buildPhases = (
				94BD5F1828BDE1910077F32F /* Sources */,
				94BD5F1928BDE1910077F32F /* Frameworks */,
				94BD5F1A28BDE1910077F32F /* Resources */,
			);
			buildRules = (
			);
			dependencies = (
				94BD5F1F28BDE1910077F32F /* PBXTargetDependency */,
			);
			name = RestApiKitTests;
			productName = RestApiKitTests;
			productReference = 94BD5F1C28BDE1910077F32F /* RestApiKitTests.xctest */;
			productType = "com.apple.product-type.bundle.unit-test";
		};
/* End PBXNativeTarget section */

/* Begin PBXProject section */
		94BD5F0928BDE1910077F32F /* Project object */ = {
			isa = PBXProject;
			attributes = {
				BuildIndependentTargetsInParallel = 1;
				LastSwiftUpdateCheck = 1340;
				LastUpgradeCheck = 1340;
				TargetAttributes = {
					94BD5F1128BDE1910077F32F = {
						CreatedOnToolsVersion = 13.4.1;
					};
					94BD5F1B28BDE1910077F32F = {
						CreatedOnToolsVersion = 13.4.1;
					};
				};
			};
			buildConfigurationList = 94BD5F0C28BDE1910077F32F /* Build configuration list for PBXProject "RestApiKit" */;
			compatibilityVersion = "Xcode 13.0";
			developmentRegion = en;
			hasScannedForEncodings = 0;
			knownRegions = (
				en,
				Base,
			);
			mainGroup = 94BD5F0828BDE1910077F32F;
			productRefGroup = 94BD5F1328BDE1910077F32F /* Products */;
			projectDirPath = "";
			projectRoot = "";
			targets = (
				94BD5F1128BDE1910077F32F /* RestApiKit */,
				94BD5F1B28BDE1910077F32F /* RestApiKitTests */,
			);
		};
/* End PBXProject section */

/* Begin PBXResourcesBuildPhase section */
		94BD5F1028BDE1910077F32F /* Resources */ = {
			isa = PBXResourcesBuildPhase;
			buildActionMask = 2147483647;
			files = (
			);
			runOnlyForDeploymentPostprocessing = 0;
		};
		94BD5F1A28BDE1910077F32F /* Resources */ = {
			isa = PBXResourcesBuildPhase;
			buildActionMask = 2147483647;
			files = (
			);
			runOnlyForDeploymentPostprocessing = 0;
		};
/* End PBXResourcesBuildPhase section */

/* Begin PBXSourcesBuildPhase section */
		94BD5F0E28BDE1910077F32F /* Sources */ = {
			isa = PBXSourcesBuildPhase;
			buildActionMask = 2147483647;
			files = (
				94BD5F1728BDE1910077F32F /* RestApiKit.docc in Sources */,
				94BD5F3E28BE04A00077F32F /* APIRequest.swift in Sources */,
				94BD5F2D28BDE3130077F32F /* APIClient.swift in Sources */,
				94BD5F3528BDE9220077F32F /* HTTPHeaders.swift in Sources */,
				94BD5F2F28BDE8650077F32F /* APIError.swift in Sources */,
			);
			runOnlyForDeploymentPostprocessing = 0;
		};
		94BD5F1828BDE1910077F32F /* Sources */ = {
			isa = PBXSourcesBuildPhase;
			buildActionMask = 2147483647;
			files = (
				944E05C328C57F27008360B1 /* TestModel.swift in Sources */,
				94BD5F4028BE13240077F32F /* APIClient.swift in Sources */,
				94BD5F4328BE142A0077F32F /* RestApiKitTests.swift in Sources */,
			);
			runOnlyForDeploymentPostprocessing = 0;
		};
/* End PBXSourcesBuildPhase section */

/* Begin PBXTargetDependency section */
		94BD5F1F28BDE1910077F32F /* PBXTargetDependency */ = {
			isa = PBXTargetDependency;
			target = 94BD5F1128BDE1910077F32F /* RestApiKit */;
			targetProxy = 94BD5F1E28BDE1910077F32F /* PBXContainerItemProxy */;
		};
/* End PBXTargetDependency section */

/* Begin XCBuildConfiguration section */
		94BD5F2428BDE1910077F32F /* Debug */ = {
			isa = XCBuildConfiguration;
			buildSettings = {
				ALWAYS_SEARCH_USER_PATHS = NO;
				CLANG_ANALYZER_NONNULL = YES;
				CLANG_ANALYZER_NUMBER_OBJECT_CONVERSION = YES_AGGRESSIVE;
				CLANG_CXX_LANGUAGE_STANDARD = "gnu++17";
				CLANG_ENABLE_MODULES = YES;
				CLANG_ENABLE_OBJC_ARC = YES;
				CLANG_ENABLE_OBJC_WEAK = YES;
				CLANG_WARN_BLOCK_CAPTURE_AUTORELEASING = YES;
				CLANG_WARN_BOOL_CONVERSION = YES;
				CLANG_WARN_COMMA = YES;
				CLANG_WARN_CONSTANT_CONVERSION = YES;
				CLANG_WARN_DEPRECATED_OBJC_IMPLEMENTATIONS = YES;
				CLANG_WARN_DIRECT_OBJC_ISA_USAGE = YES_ERROR;
				CLANG_WARN_DOCUMENTATION_COMMENTS = YES;
				CLANG_WARN_EMPTY_BODY = YES;
				CLANG_WARN_ENUM_CONVERSION = YES;
				CLANG_WARN_INFINITE_RECURSION = YES;
				CLANG_WARN_INT_CONVERSION = YES;
				CLANG_WARN_NON_LITERAL_NULL_CONVERSION = YES;
				CLANG_WARN_OBJC_IMPLICIT_RETAIN_SELF = YES;
				CLANG_WARN_OBJC_LITERAL_CONVERSION = YES;
				CLANG_WARN_OBJC_ROOT_CLASS = YES_ERROR;
				CLANG_WARN_QUOTED_INCLUDE_IN_FRAMEWORK_HEADER = YES;
				CLANG_WARN_RANGE_LOOP_ANALYSIS = YES;
				CLANG_WARN_STRICT_PROTOTYPES = YES;
				CLANG_WARN_SUSPICIOUS_MOVE = YES;
				CLANG_WARN_UNGUARDED_AVAILABILITY = YES_AGGRESSIVE;
				CLANG_WARN_UNREACHABLE_CODE = YES;
				CLANG_WARN__DUPLICATE_METHOD_MATCH = YES;
				COPY_PHASE_STRIP = NO;
				CURRENT_PROJECT_VERSION = 1;
				DEBUG_INFORMATION_FORMAT = dwarf;
				ENABLE_STRICT_OBJC_MSGSEND = YES;
				ENABLE_TESTABILITY = YES;
				GCC_C_LANGUAGE_STANDARD = gnu11;
				GCC_DYNAMIC_NO_PIC = NO;
				GCC_NO_COMMON_BLOCKS = YES;
				GCC_OPTIMIZATION_LEVEL = 0;
				GCC_PREPROCESSOR_DEFINITIONS = (
					"DEBUG=1",
					"$(inherited)",
				);
				GCC_WARN_64_TO_32_BIT_CONVERSION = YES;
				GCC_WARN_ABOUT_RETURN_TYPE = YES_ERROR;
				GCC_WARN_UNDECLARED_SELECTOR = YES;
				GCC_WARN_UNINITIALIZED_AUTOS = YES_AGGRESSIVE;
				GCC_WARN_UNUSED_FUNCTION = YES;
				GCC_WARN_UNUSED_VARIABLE = YES;
				IPHONEOS_DEPLOYMENT_TARGET = 15.5;
				MTL_ENABLE_DEBUG_INFO = INCLUDE_SOURCE;
				MTL_FAST_MATH = YES;
				ONLY_ACTIVE_ARCH = YES;
				SDKROOT = iphoneos;
				SWIFT_ACTIVE_COMPILATION_CONDITIONS = DEBUG;
				SWIFT_OPTIMIZATION_LEVEL = "-Onone";
				VERSIONING_SYSTEM = "apple-generic";
				VERSION_INFO_PREFIX = "";
			};
			name = Debug;
		};
		94BD5F2528BDE1910077F32F /* Release */ = {
			isa = XCBuildConfiguration;
			buildSettings = {
				ALWAYS_SEARCH_USER_PATHS = NO;
				CLANG_ANALYZER_NONNULL = YES;
				CLANG_ANALYZER_NUMBER_OBJECT_CONVERSION = YES_AGGRESSIVE;
				CLANG_CXX_LANGUAGE_STANDARD = "gnu++17";
				CLANG_ENABLE_MODULES = YES;
				CLANG_ENABLE_OBJC_ARC = YES;
				CLANG_ENABLE_OBJC_WEAK = YES;
				CLANG_WARN_BLOCK_CAPTURE_AUTORELEASING = YES;
				CLANG_WARN_BOOL_CONVERSION = YES;
				CLANG_WARN_COMMA = YES;
				CLANG_WARN_CONSTANT_CONVERSION = YES;
				CLANG_WARN_DEPRECATED_OBJC_IMPLEMENTATIONS = YES;
				CLANG_WARN_DIRECT_OBJC_ISA_USAGE = YES_ERROR;
				CLANG_WARN_DOCUMENTATION_COMMENTS = YES;
				CLANG_WARN_EMPTY_BODY = YES;
				CLANG_WARN_ENUM_CONVERSION = YES;
				CLANG_WARN_INFINITE_RECURSION = YES;
				CLANG_WARN_INT_CONVERSION = YES;
				CLANG_WARN_NON_LITERAL_NULL_CONVERSION = YES;
				CLANG_WARN_OBJC_IMPLICIT_RETAIN_SELF = YES;
				CLANG_WARN_OBJC_LITERAL_CONVERSION = YES;
				CLANG_WARN_OBJC_ROOT_CLASS = YES_ERROR;
				CLANG_WARN_QUOTED_INCLUDE_IN_FRAMEWORK_HEADER = YES;
				CLANG_WARN_RANGE_LOOP_ANALYSIS = YES;
				CLANG_WARN_STRICT_PROTOTYPES = YES;
				CLANG_WARN_SUSPICIOUS_MOVE = YES;
				CLANG_WARN_UNGUARDED_AVAILABILITY = YES_AGGRESSIVE;
				CLANG_WARN_UNREACHABLE_CODE = YES;
				CLANG_WARN__DUPLICATE_METHOD_MATCH = YES;
				COPY_PHASE_STRIP = NO;
				CURRENT_PROJECT_VERSION = 1;
				DEBUG_INFORMATION_FORMAT = "dwarf-with-dsym";
				ENABLE_NS_ASSERTIONS = NO;
				ENABLE_STRICT_OBJC_MSGSEND = YES;
				GCC_C_LANGUAGE_STANDARD = gnu11;
				GCC_NO_COMMON_BLOCKS = YES;
				GCC_WARN_64_TO_32_BIT_CONVERSION = YES;
				GCC_WARN_ABOUT_RETURN_TYPE = YES_ERROR;
				GCC_WARN_UNDECLARED_SELECTOR = YES;
				GCC_WARN_UNINITIALIZED_AUTOS = YES_AGGRESSIVE;
				GCC_WARN_UNUSED_FUNCTION = YES;
				GCC_WARN_UNUSED_VARIABLE = YES;
				IPHONEOS_DEPLOYMENT_TARGET = 15.5;
				MTL_ENABLE_DEBUG_INFO = NO;
				MTL_FAST_MATH = YES;
				SDKROOT = iphoneos;
				SWIFT_COMPILATION_MODE = wholemodule;
				SWIFT_OPTIMIZATION_LEVEL = "-O";
				VALIDATE_PRODUCT = YES;
				VERSIONING_SYSTEM = "apple-generic";
				VERSION_INFO_PREFIX = "";
			};
			name = Release;
		};
		94BD5F2728BDE1910077F32F /* Debug */ = {
			isa = XCBuildConfiguration;
			buildSettings = {
				CODE_SIGN_STYLE = Automatic;
				CURRENT_PROJECT_VERSION = 1;
				DEFINES_MODULE = YES;
				DEVELOPMENT_TEAM = AP7XBX6DJU;
				DYLIB_COMPATIBILITY_VERSION = 1;
				DYLIB_CURRENT_VERSION = 1;
				DYLIB_INSTALL_NAME_BASE = "@rpath";
				GENERATE_INFOPLIST_FILE = YES;
				INFOPLIST_KEY_NSHumanReadableCopyright = "";
				INSTALL_PATH = "$(LOCAL_LIBRARY_DIR)/Frameworks";
				IPHONEOS_DEPLOYMENT_TARGET = 15.0;
				LD_RUNPATH_SEARCH_PATHS = (
					"$(inherited)",
					"@executable_path/Frameworks",
					"@loader_path/Frameworks",
				);
				MARKETING_VERSION = 1.0;
				PRODUCT_BUNDLE_IDENTIFIER = ras07.RestApiKit;
				PRODUCT_NAME = "$(TARGET_NAME:c99extidentifier)";
				SKIP_INSTALL = YES;
				SUPPORTS_MACCATALYST = NO;
				SUPPORTS_MAC_DESIGNED_FOR_IPHONE_IPAD = NO;
				SWIFT_EMIT_LOC_STRINGS = YES;
				SWIFT_VERSION = 5.0;
				TARGETED_DEVICE_FAMILY = "1,2";
			};
			name = Debug;
		};
		94BD5F2828BDE1910077F32F /* Release */ = {
			isa = XCBuildConfiguration;
			buildSettings = {
				CODE_SIGN_STYLE = Automatic;
				CURRENT_PROJECT_VERSION = 1;
				DEFINES_MODULE = YES;
				DEVELOPMENT_TEAM = AP7XBX6DJU;
				DYLIB_COMPATIBILITY_VERSION = 1;
				DYLIB_CURRENT_VERSION = 1;
				DYLIB_INSTALL_NAME_BASE = "@rpath";
				GENERATE_INFOPLIST_FILE = YES;
				INFOPLIST_KEY_NSHumanReadableCopyright = "";
				INSTALL_PATH = "$(LOCAL_LIBRARY_DIR)/Frameworks";
				IPHONEOS_DEPLOYMENT_TARGET = 15.0;
				LD_RUNPATH_SEARCH_PATHS = (
					"$(inherited)",
					"@executable_path/Frameworks",
					"@loader_path/Frameworks",
				);
				MARKETING_VERSION = 1.0;
				PRODUCT_BUNDLE_IDENTIFIER = ras07.RestApiKit;
				PRODUCT_NAME = "$(TARGET_NAME:c99extidentifier)";
				SKIP_INSTALL = YES;
				SUPPORTS_MACCATALYST = NO;
				SUPPORTS_MAC_DESIGNED_FOR_IPHONE_IPAD = NO;
				SWIFT_EMIT_LOC_STRINGS = YES;
				SWIFT_VERSION = 5.0;
				TARGETED_DEVICE_FAMILY = "1,2";
			};
			name = Release;
		};
		94BD5F2A28BDE1910077F32F /* Debug */ = {
			isa = XCBuildConfiguration;
			buildSettings = {
				ALWAYS_EMBED_SWIFT_STANDARD_LIBRARIES = YES;
				CODE_SIGN_STYLE = Automatic;
				CURRENT_PROJECT_VERSION = 1;
				DEVELOPMENT_TEAM = AP7XBX6DJU;
				GENERATE_INFOPLIST_FILE = YES;
				MARKETING_VERSION = 1.0;
				PRODUCT_BUNDLE_IDENTIFIER = ras07.RestApiKitTests;
				PRODUCT_NAME = "$(TARGET_NAME)";
				SWIFT_EMIT_LOC_STRINGS = NO;
				SWIFT_VERSION = 5.0;
				TARGETED_DEVICE_FAMILY = "1,2";
			};
			name = Debug;
		};
		94BD5F2B28BDE1910077F32F /* Release */ = {
			isa = XCBuildConfiguration;
			buildSettings = {
				ALWAYS_EMBED_SWIFT_STANDARD_LIBRARIES = YES;
				CODE_SIGN_STYLE = Automatic;
				CURRENT_PROJECT_VERSION = 1;
				DEVELOPMENT_TEAM = AP7XBX6DJU;
				GENERATE_INFOPLIST_FILE = YES;
				MARKETING_VERSION = 1.0;
				PRODUCT_BUNDLE_IDENTIFIER = ras07.RestApiKitTests;
				PRODUCT_NAME = "$(TARGET_NAME)";
				SWIFT_EMIT_LOC_STRINGS = NO;
				SWIFT_VERSION = 5.0;
				TARGETED_DEVICE_FAMILY = "1,2";
			};
			name = Release;
		};
/* End XCBuildConfiguration section */

/* Begin XCConfigurationList section */
		94BD5F0C28BDE1910077F32F /* Build configuration list for PBXProject "RestApiKit" */ = {
			isa = XCConfigurationList;
			buildConfigurations = (
				94BD5F2428BDE1910077F32F /* Debug */,
				94BD5F2528BDE1910077F32F /* Release */,
			);
			defaultConfigurationIsVisible = 0;
			defaultConfigurationName = Release;
		};
		94BD5F2628BDE1910077F32F /* Build configuration list for PBXNativeTarget "RestApiKit" */ = {
			isa = XCConfigurationList;
			buildConfigurations = (
				94BD5F2728BDE1910077F32F /* Debug */,
				94BD5F2828BDE1910077F32F /* Release */,
			);
			defaultConfigurationIsVisible = 0;
			defaultConfigurationName = Release;
		};
		94BD5F2928BDE1910077F32F /* Build configuration list for PBXNativeTarget "RestApiKitTests" */ = {
			isa = XCConfigurationList;
			buildConfigurations = (
				94BD5F2A28BDE1910077F32F /* Debug */,
				94BD5F2B28BDE1910077F32F /* Release */,
			);
			defaultConfigurationIsVisible = 0;
			defaultConfigurationName = Release;
		};
/* End XCConfigurationList section */
	};
	rootObject = 94BD5F0928BDE1910077F32F /* Project object */;
}
